
Microsoft Visual Studio Solution File, Format Version 12.00
# Visual Studio 15
VisualStudioVersion = 15.0.28307.168
MinimumVisualStudioVersion = 10.0.40219.1
Project("{FAE04EC0-301F-11D3-BF4B-00C04F79EFBC}") = "avmDir.App", "avmDir.App\avmDir.App.csproj", "{B2680D12-6777-41F9-973F-2C2CCD4FCDB0}"
EndProject
Global
	GlobalSection(SolutionConfigurationPlatforms) = preSolution
		Debug|Any CPU = Debug|Any CPU
		Release|Any CPU = Release|Any CPU
	EndGlobalSection
	GlobalSection(ProjectConfigurationPlatforms) = postSolution
		{B2680D12-6777-41F9-973F-2C2CCD4FCDB0}.Debug|Any CPU.ActiveCfg = Debug|Any CPU
		{B2680D12-6777-41F9-973F-2C2CCD4FCDB0}.Debug|Any CPU.Build.0 = Debug|Any CPU
		{B2680D12-6777-41F9-973F-2C2CCD4FCDB0}.Release|Any CPU.ActiveCfg = Release|Any CPU
		{B2680D12-6777-41F9-973F-2C2CCD4FCDB0}.Release|Any CPU.Build.0 = Release|Any CPU
	EndGlobalSection
	GlobalSection(SolutionProperties) = preSolution
		HideSolutionNode = FALSE
	EndGlobalSection
	GlobalSection(ExtensibilityGlobals) = postSolution
		SolutionGuid = {9B009751-7628-456B-88E0-E8309847B8CD}
	EndGlobalSection
EndGlobal
